
Microsoft Visual Studio Solution File, Format Version 12.00
# Visual Studio Version 17
VisualStudioVersion = 17.14.36408.4 d17.14
MinimumVisualStudioVersion = 10.0.40219.1
Project("{FAE04EC0-301F-11D3-BF4B-00C04F79EFBC}") = "ECommerceApp", "ECommerceApp\ECommerceApp.csproj", "{414B6057-D5CB-4213-843E-3733A0850BF8}"
EndProject
Global
	GlobalSection(SolutionConfigurationPlatforms) = preSolution
		Debug|Any CPU = Debug|Any CPU
		Release|Any CPU = Release|Any CPU
	EndGlobalSection
	GlobalSection(ProjectConfigurationPlatforms) = postSolution
		{414B6057-D5CB-4213-843E-3733A0850BF8}.Debug|Any CPU.ActiveCfg = Debug|Any CPU
		{414B6057-D5CB-4213-843E-3733A0850BF8}.Debug|Any CPU.Build.0 = Debug|Any CPU
		{414B6057-D5CB-4213-843E-3733A0850BF8}.Release|Any CPU.ActiveCfg = Release|Any CPU
		{414B6057-D5CB-4213-843E-3733A0850BF8}.Release|Any CPU.Build.0 = Release|Any CPU
	EndGlobalSection
	GlobalSection(SolutionProperties) = preSolution
		HideSolutionNode = FALSE
	EndGlobalSection
	GlobalSection(ExtensibilityGlobals) = postSolution
		SolutionGuid = {E164E053-1D82-43AF-839E-CD822F34F003}
	EndGlobalSection
EndGlobal
